
Microsoft Visual Studio Solution File, Format Version 12.00
# Visual Studio 14
VisualStudioVersion = 14.0.25420.1
MinimumVisualStudioVersion = 10.0.40219.1
Project("{8BB2217D-0F2D-49D1-97BC-3654ED321F3B}") = "IdentityServer4.MongoDB", "src\IdentityServer4.MongoDB\IdentityServer4.MongoDB.xproj", "{9511145A-8DAD-446C-9D15-A4952DCB9BA5}"
EndProject
Project("{2150E333-8FDC-42A3-9474-1A3956D46DE8}") = "src", "src", "{1E3859B1-7876-4B22-B7B6-1049D0344E52}"
EndProject
Global
	GlobalSection(SolutionConfigurationPlatforms) = preSolution
		Debug|Any CPU = Debug|Any CPU
		Release|Any CPU = Release|Any CPU
	EndGlobalSection
	GlobalSection(ProjectConfigurationPlatforms) = postSolution
		{9511145A-8DAD-446C-9D15-A4952DCB9BA5}.Debug|Any CPU.ActiveCfg = Debug|Any CPU
		{9511145A-8DAD-446C-9D15-A4952DCB9BA5}.Debug|Any CPU.Build.0 = Debug|Any CPU
		{9511145A-8DAD-446C-9D15-A4952DCB9BA5}.Release|Any CPU.ActiveCfg = Release|Any CPU
		{9511145A-8DAD-446C-9D15-A4952DCB9BA5}.Release|Any CPU.Build.0 = Release|Any CPU
	EndGlobalSection
	GlobalSection(SolutionProperties) = preSolution
		HideSolutionNode = FALSE
	EndGlobalSection
	GlobalSection(NestedProjects) = preSolution
		{9511145A-8DAD-446C-9D15-A4952DCB9BA5} = {1E3859B1-7876-4B22-B7B6-1049D0344E52}
	EndGlobalSection
EndGlobal
